
Microsoft Visual Studio Solution File, Format Version 12.00
# Visual Studio Version 17
VisualStudioVersion = 17.1.32210.238
MinimumVisualStudioVersion = 10.0.40219.1
Project("{9A19103F-16F7-4668-BE54-9A1E7A4F7556}") = "Equality.MVVM", "Equality.MVVM\Equality.MVVM.csproj", "{2006656A-3BA0-47AE-BE16-469E98F7A0C5}"
EndProject
Project("{9A19103F-16F7-4668-BE54-9A1E7A4F7556}") = "Equality.Core", "Equality.Core\Equality.Core.csproj", "{7462C640-D65F-449E-9560-773C2031F15B}"
EndProject
Global
	GlobalSection(SolutionConfigurationPlatforms) = preSolution
		Debug|Any CPU = Debug|Any CPU
		Release|Any CPU = Release|Any CPU
	EndGlobalSection
	GlobalSection(ProjectConfigurationPlatforms) = postSolution
		{2006656A-3BA0-47AE-BE16-469E98F7A0C5}.Debug|Any CPU.ActiveCfg = Debug|Any CPU
		{2006656A-3BA0-47AE-BE16-469E98F7A0C5}.Debug|Any CPU.Build.0 = Debug|Any CPU
		{2006656A-3BA0-47AE-BE16-469E98F7A0C5}.Release|Any CPU.ActiveCfg = Release|Any CPU
		{2006656A-3BA0-47AE-BE16-469E98F7A0C5}.Release|Any CPU.Build.0 = Release|Any CPU
		{7462C640-D65F-449E-9560-773C2031F15B}.Debug|Any CPU.ActiveCfg = Debug|Any CPU
		{7462C640-D65F-449E-9560-773C2031F15B}.Debug|Any CPU.Build.0 = Debug|Any CPU
		{7462C640-D65F-449E-9560-773C2031F15B}.Release|Any CPU.ActiveCfg = Release|Any CPU
		{7462C640-D65F-449E-9560-773C2031F15B}.Release|Any CPU.Build.0 = Release|Any CPU
	EndGlobalSection
	GlobalSection(SolutionProperties) = preSolution
		HideSolutionNode = FALSE
	EndGlobalSection
	GlobalSection(ExtensibilityGlobals) = postSolution
		SolutionGuid = {B91873C1-B979-4BD4-816D-DA0E3F2B97E9}
	EndGlobalSection
EndGlobal
